// !$*UTF8*$!
{
	archiveVersion = 1;
	classes = {
	};
	objectVersion = 50;
	objects = {

/* Begin PBXBuildFile section */
		634C9FE2222DDF1C0099CA01 /* ScrollViewController.swift in Sources */ = {isa = PBXBuildFile; fileRef = 634C9FE1222DDF1C0099CA01 /* ScrollViewController.swift */; };
		63656B7A221CB8A100167677 /* AppDelegate.swift in Sources */ = {isa = PBXBuildFile; fileRef = 63656B79221CB8A100167677 /* AppDelegate.swift */; };
		63656B7C221CB8A100167677 /* ViewController.swift in Sources */ = {isa = PBXBuildFile; fileRef = 63656B7B221CB8A100167677 /* ViewController.swift */; };
		63656B7F221CB8A100167677 /* Main.storyboard in Resources */ = {isa = PBXBuildFile; fileRef = 63656B7D221CB8A100167677 /* Main.storyboard */; };
		63656B81221CB8A300167677 /* Assets.xcassets in Resources */ = {isa = PBXBuildFile; fileRef = 63656B80221CB8A300167677 /* Assets.xcassets */; };
		63656B84221CB8A300167677 /* LaunchScreen.storyboard in Resources */ = {isa = PBXBuildFile; fileRef = 63656B82221CB8A300167677 /* LaunchScreen.storyboard */; };
		63F6C6FB2231E1840082D649 /* silence.mp3 in Resources */ = {isa = PBXBuildFile; fileRef = 63F6C6FA2231E1840082D649 /* silence.mp3 */; };
/* End PBXBuildFile section */

/* Begin PBXFileReference section */
		634C9FE1222DDF1C0099CA01 /* ScrollViewController.swift */ = {isa = PBXFileReference; lastKnownFileType = sourcecode.swift; path = ScrollViewController.swift; sourceTree = "<group>"; };
		63656B76221CB8A100167677 /* capstoneV3.app */ = {isa = PBXFileReference; explicitFileType = wrapper.application; includeInIndex = 0; path = capstoneV3.app; sourceTree = BUILT_PRODUCTS_DIR; };
		63656B79221CB8A100167677 /* AppDelegate.swift */ = {isa = PBXFileReference; lastKnownFileType = sourcecode.swift; path = AppDelegate.swift; sourceTree = "<group>"; };
		63656B7B221CB8A100167677 /* ViewController.swift */ = {isa = PBXFileReference; lastKnownFileType = sourcecode.swift; path = ViewController.swift; sourceTree = "<group>"; };
		63656B7E221CB8A100167677 /* Base */ = {isa = PBXFileReference; lastKnownFileType = file.storyboard; name = Base; path = Base.lproj/Main.storyboard; sourceTree = "<group>"; };
		63656B80221CB8A300167677 /* Assets.xcassets */ = {isa = PBXFileReference; lastKnownFileType = folder.assetcatalog; path = Assets.xcassets; sourceTree = "<group>"; };
		63656B83221CB8A300167677 /* Base */ = {isa = PBXFileReference; lastKnownFileType = file.storyboard; name = Base; path = Base.lproj/LaunchScreen.storyboard; sourceTree = "<group>"; };
		63656B85221CB8A300167677 /* Info.plist */ = {isa = PBXFileReference; lastKnownFileType = text.plist.xml; path = Info.plist; sourceTree = "<group>"; };
		63F6C6FA2231E1840082D649 /* silence.mp3 */ = {isa = PBXFileReference; lastKnownFileType = audio.mp3; path = silence.mp3; sourceTree = "<group>"; };
/* End PBXFileReference section */

/* Begin PBXFrameworksBuildPhase section */
		63656B73221CB8A100167677 /* Frameworks */ = {
			isa = PBXFrameworksBuildPhase;
			buildActionMask = 2147483647;
			files = (
			);
			runOnlyForDeploymentPostprocessing = 0;
		};
/* End PBXFrameworksBuildPhase section */

/* Begin PBXGroup section */
		63656B6D221CB8A100167677 = {
			isa = PBXGroup;
			children = (
				63656B78221CB8A100167677 /* capstoneV3 */,
				63656B77221CB8A100167677 /* Products */,
			);
			sourceTree = "<group>";
		};
		63656B77221CB8A100167677 /* Products */ = {
			isa = PBXGroup;
			children = (
				63656B76221CB8A100167677 /* capstoneV3.app */,
			);
			name = Products;
			sourceTree = "<group>";
		};
		63656B78221CB8A100167677 /* capstoneV3 */ = {
			isa = PBXGroup;
			children = (
				636CED2F22307AC400E6BA2C /* Supporting Files */,
				63656B79221CB8A100167677 /* AppDelegate.swift */,
				63656B7B221CB8A100167677 /* ViewController.swift */,
				63656B7D221CB8A100167677 /* Main.storyboard */,
				634C9FE1222DDF1C0099CA01 /* ScrollViewController.swift */,
				63656B80221CB8A300167677 /* Assets.xcassets */,
				63656B82221CB8A300167677 /* LaunchScreen.storyboard */,
				63656B85221CB8A300167677 /* Info.plist */,
			);
			path = capstoneV3;
			sourceTree = "<group>";
		};
		636CED2F22307AC400E6BA2C /* Supporting Files */ = {
			isa = PBXGroup;
			children = (
				63F6C6FA2231E1840082D649 /* silence.mp3 */,
			);
			path = "Supporting Files";
			sourceTree = "<group>";
		};
/* End PBXGroup section */

/* Begin PBXNativeTarget section */
		63656B75221CB8A100167677 /* capstoneV3 */ = {
			isa = PBXNativeTarget;
			buildConfigurationList = 63656B88221CB8A300167677 /* Build configuration list for PBXNativeTarget "capstoneV3" */;
			buildPhases = (
				63656B72221CB8A100167677 /* Sources */,
				63656B73221CB8A100167677 /* Frameworks */,
				63656B74221CB8A100167677 /* Resources */,
			);
			buildRules = (
			);
			dependencies = (
			);
			name = capstoneV3;
			productName = capstoneV3;
			productReference = 63656B76221CB8A100167677 /* capstoneV3.app */;
			productType = "com.apple.product-type.application";
		};
/* End PBXNativeTarget section */

/* Begin PBXProject section */
		63656B6E221CB8A100167677 /* Project object */ = {
			isa = PBXProject;
			attributes = {
				LastSwiftUpdateCheck = 1010;
				LastUpgradeCheck = 1010;
				ORGANIZATIONNAME = "Kaelen Guthrie";
				TargetAttributes = {
					63656B75221CB8A100167677 = {
						CreatedOnToolsVersion = 10.1;
						SystemCapabilities = {
							com.apple.BackgroundModes = {
								enabled = 1;
							};
						};
					};
				};
			};
			buildConfigurationList = 63656B71221CB8A100167677 /* Build configuration list for PBXProject "capstoneV3" */;
			compatibilityVersion = "Xcode 9.3";
			developmentRegion = en;
			hasScannedForEncodings = 0;
			knownRegions = (
				en,
				Base,
			);
			mainGroup = 63656B6D221CB8A100167677;
			productRefGroup = 63656B77221CB8A100167677 /* Products */;
			projectDirPath = "";
			projectRoot = "";
			targets = (
				63656B75221CB8A100167677 /* capstoneV3 */,
			);
		};
/* End PBXProject section */

/* Begin PBXResourcesBuildPhase section */
		63656B74221CB8A100167677 /* Resources */ = {
			isa = PBXResourcesBuildPhase;
			buildActionMask = 2147483647;
			files = (
				63656B84221CB8A300167677 /* LaunchScreen.storyboard in Resources */,
				63656B81221CB8A300167677 /* Assets.xcassets in Resources */,
				63F6C6FB2231E1840082D649 /* silence.mp3 in Resources */,
				63656B7F221CB8A100167677 /* Main.storyboard in Resources */,
			);
			runOnlyForDeploymentPostprocessing = 0;
		};
/* End PBXResourcesBuildPhase section */

/* Begin PBXSourcesBuildPhase section */
		63656B72221CB8A100167677 /* Sources */ = {
			isa = PBXSourcesBuildPhase;
			buildActionMask = 2147483647;
			files = (
				63656B7C221CB8A100167677 /* ViewController.swift in Sources */,
				634C9FE2222DDF1C0099CA01 /* ScrollViewController.swift in Sources */,
				63656B7A221CB8A100167677 /* AppDelegate.swift in Sources */,
			);
			runOnlyForDeploymentPostprocessing = 0;
		};
/* End PBXSourcesBuildPhase section */

/* Begin PBXVariantGroup section */
		63656B7D221CB8A100167677 /* Main.storyboard */ = {
			isa = PBXVariantGroup;
			children = (
				63656B7E221CB8A100167677 /* Base */,
			);
			name = Main.storyboard;
			sourceTree = "<group>";
		};
		63656B82221CB8A300167677 /* LaunchScreen.storyboard */ = {
			isa = PBXVariantGroup;
			children = (
				63656B83221CB8A300167677 /* Base */,
			);
			name = LaunchScreen.storyboard;
			sourceTree = "<group>";
		};
/* End PBXVariantGroup section */

/* Begin XCBuildConfiguration section */
		63656B86221CB8A300167677 /* Debug */ = {
			isa = XCBuildConfiguration;
			buildSettings = {
				ALWAYS_SEARCH_USER_PATHS = NO;
				CLANG_ANALYZER_NONNULL = YES;
				CLANG_ANALYZER_NUMBER_OBJECT_CONVERSION = YES_AGGRESSIVE;
				CLANG_CXX_LANGUAGE_STANDARD = "gnu++14";
				CLANG_CXX_LIBRARY = "libc++";
				CLANG_ENABLE_MODULES = YES;
				CLANG_ENABLE_OBJC_ARC = YES;
				CLANG_ENABLE_OBJC_WEAK = YES;
				CLANG_WARN_BLOCK_CAPTURE_AUTORELEASING = YES;
				CLANG_WARN_BOOL_CONVERSION = YES;
				CLANG_WARN_COMMA = YES;
				CLANG_WARN_CONSTANT_CONVERSION = YES;
				CLANG_WARN_DEPRECATED_OBJC_IMPLEMENTATIONS = YES;
				CLANG_WARN_DIRECT_OBJC_ISA_USAGE = YES_ERROR;
				CLANG_WARN_DOCUMENTATION_COMMENTS = YES;
				CLANG_WARN_EMPTY_BODY = YES;
				CLANG_WARN_ENUM_CONVERSION = YES;
				CLANG_WARN_INFINITE_RECURSION = YES;
				CLANG_WARN_INT_CONVERSION = YES;
				CLANG_WARN_NON_LITERAL_NULL_CONVERSION = YES;
				CLANG_WARN_OBJC_IMPLICIT_RETAIN_SELF = YES;
				CLANG_WARN_OBJC_LITERAL_CONVERSION = YES;
				CLANG_WARN_OBJC_ROOT_CLASS = YES_ERROR;
				CLANG_WARN_RANGE_LOOP_ANALYSIS = YES;
				CLANG_WARN_STRICT_PROTOTYPES = YES;
				CLANG_WARN_SUSPICIOUS_MOVE = YES;
				CLANG_WARN_UNGUARDED_AVAILABILITY = YES_AGGRESSIVE;
				CLANG_WARN_UNREACHABLE_CODE = YES;
				CLANG_WARN__DUPLICATE_METHOD_MATCH = YES;
				CODE_SIGN_IDENTITY = "iPhone Developer";
				COPY_PHASE_STRIP = NO;
				DEBUG_INFORMATION_FORMAT = dwarf;
				ENABLE_STRICT_OBJC_MSGSEND = YES;
				ENABLE_TESTABILITY = YES;
				GCC_C_LANGUAGE_STANDARD = gnu11;
				GCC_DYNAMIC_NO_PIC = NO;
				GCC_NO_COMMON_BLOCKS = YES;
				GCC_OPTIMIZATION_LEVEL = 0;
				GCC_PREPROCESSOR_DEFINITIONS = (
					"DEBUG=1",
					"$(inherited)",
				);
				GCC_WARN_64_TO_32_BIT_CONVERSION = YES;
				GCC_WARN_ABOUT_RETURN_TYPE = YES_ERROR;
				GCC_WARN_UNDECLARED_SELECTOR = YES;
				GCC_WARN_UNINITIALIZED_AUTOS = YES_AGGRESSIVE;
				GCC_WARN_UNUSED_FUNCTION = YES;
				GCC_WARN_UNUSED_VARIABLE = YES;
				IPHONEOS_DEPLOYMENT_TARGET = 12.1;
				MTL_ENABLE_DEBUG_INFO = INCLUDE_SOURCE;
				MTL_FAST_MATH = YES;
				ONLY_ACTIVE_ARCH = YES;
				SDKROOT = iphoneos;
				SWIFT_ACTIVE_COMPILATION_CONDITIONS = DEBUG;
				SWIFT_OPTIMIZATION_LEVEL = "-Onone";
			};
			name = Debug;
		};
		63656B87221CB8A300167677 /* Release */ = {
			isa = XCBuildConfiguration;
			buildSettings = {
				ALWAYS_SEARCH_USER_PATHS = NO;
				CLANG_ANALYZER_NONNULL = YES;
				CLANG_ANALYZER_NUMBER_OBJECT_CONVERSION = YES_AGGRESSIVE;
				CLANG_CXX_LANGUAGE_STANDARD = "gnu++14";
				CLANG_CXX_LIBRARY = "libc++";
				CLANG_ENABLE_MODULES = YES;
				CLANG_ENABLE_OBJC_ARC = YES;
				CLANG_ENABLE_OBJC_WEAK = YES;
				CLANG_WARN_BLOCK_CAPTURE_AUTORELEASING = YES;
				CLANG_WARN_BOOL_CONVERSION = YES;
				CLANG_WARN_COMMA = YES;
				CLANG_WARN_CONSTANT_CONVERSION = YES;
				CLANG_WARN_DEPRECATED_OBJC_IMPLEMENTATIONS = YES;
				CLANG_WARN_DIRECT_OBJC_ISA_USAGE = YES_ERROR;
				CLANG_WARN_DOCUMENTATION_COMMENTS = YES;
				CLANG_WARN_EMPTY_BODY = YES;
				CLANG_WARN_ENUM_CONVERSION = YES;
				CLANG_WARN_INFINITE_RECURSION = YES;
				CLANG_WARN_INT_CONVERSION = YES;
				CLANG_WARN_NON_LITERAL_NULL_CONVERSION = YES;
				CLANG_WARN_OBJC_IMPLICIT_RETAIN_SELF = YES;
				CLANG_WARN_OBJC_LITERAL_CONVERSION = YES;
				CLANG_WARN_OBJC_ROOT_CLASS = YES_ERROR;
				CLANG_WARN_RANGE_LOOP_ANALYSIS = YES;
				CLANG_WARN_STRICT_PROTOTYPES = YES;
				CLANG_WARN_SUSPICIOUS_MOVE = YES;
				CLANG_WARN_UNGUARDED_AVAILABILITY = YES_AGGRESSIVE;
				CLANG_WARN_UNREACHABLE_CODE = YES;
				CLANG_WARN__DUPLICATE_METHOD_MATCH = YES;
				CODE_SIGN_IDENTITY = "iPhone Developer";
				COPY_PHASE_STRIP = NO;
				DEBUG_INFORMATION_FORMAT = "dwarf-with-dsym";
				ENABLE_NS_ASSERTIONS = NO;
				ENABLE_STRICT_OBJC_MSGSEND = YES;
				GCC_C_LANGUAGE_STANDARD = gnu11;
				GCC_NO_COMMON_BLOCKS = YES;
				GCC_WARN_64_TO_32_BIT_CONVERSION = YES;
				GCC_WARN_ABOUT_RETURN_TYPE = YES_ERROR;
				GCC_WARN_UNDECLARED_SELECTOR = YES;
				GCC_WARN_UNINITIALIZED_AUTOS = YES_AGGRESSIVE;
				GCC_WARN_UNUSED_FUNCTION = YES;
				GCC_WARN_UNUSED_VARIABLE = YES;
				IPHONEOS_DEPLOYMENT_TARGET = 12.1;
				MTL_ENABLE_DEBUG_INFO = NO;
				MTL_FAST_MATH = YES;
				SDKROOT = iphoneos;
				SWIFT_COMPILATION_MODE = wholemodule;
				SWIFT_OPTIMIZATION_LEVEL = "-O";
				VALIDATE_PRODUCT = YES;
			};
			name = Release;
		};
		63656B89221CB8A300167677 /* Debug */ = {
			isa = XCBuildConfiguration;
			buildSettings = {
				ASSETCATALOG_COMPILER_APPICON_NAME = AppIcon;
				CODE_SIGN_STYLE = Automatic;
				DEVELOPMENT_TEAM = WW65TXGD24;
				INFOPLIST_FILE = capstoneV3/Info.plist;
				LD_RUNPATH_SEARCH_PATHS = (
					"$(inherited)",
					"@executable_path/Frameworks",
				);
				PRODUCT_BUNDLE_IDENTIFIER = kaelen.capstoneV3;
				PRODUCT_NAME = "$(TARGET_NAME)";
				SWIFT_VERSION = 4.2;
				TARGETED_DEVICE_FAMILY = "1,2";
			};
			name = Debug;
		};
		63656B8A221CB8A300167677 /* Release */ = {
			isa = XCBuildConfiguration;
			buildSettings = {
				ASSETCATALOG_COMPILER_APPICON_NAME = AppIcon;
				CODE_SIGN_STYLE = Automatic;
				DEVELOPMENT_TEAM = WW65TXGD24;
				INFOPLIST_FILE = capstoneV3/Info.plist;
				LD_RUNPATH_SEARCH_PATHS = (
					"$(inherited)",
					"@executable_path/Frameworks",
				);
				PRODUCT_BUNDLE_IDENTIFIER = kaelen.capstoneV3;
				PRODUCT_NAME = "$(TARGET_NAME)";
				SWIFT_VERSION = 4.2;
				TARGETED_DEVICE_FAMILY = "1,2";
			};
			name = Release;
		};
/* End XCBuildConfiguration section */

/* Begin XCConfigurationList section */
		63656B71221CB8A100167677 /* Build configuration list for PBXProject "capstoneV3" */ = {
			isa = XCConfigurationList;
			buildConfigurations = (
				63656B86221CB8A300167677 /* Debug */,
				63656B87221CB8A300167677 /* Release */,
			);
			defaultConfigurationIsVisible = 0;
			defaultConfigurationName = Release;
		};
		63656B88221CB8A300167677 /* Build configuration list for PBXNativeTarget "capstoneV3" */ = {
			isa = XCConfigurationList;
			buildConfigurations = (
				63656B89221CB8A300167677 /* Debug */,
				63656B8A221CB8A300167677 /* Release */,
			);
			defaultConfigurationIsVisible = 0;
			defaultConfigurationName = Release;
		};
/* End XCConfigurationList section */
	};
	rootObject = 63656B6E221CB8A100167677 /* Project object */;
}
